
Microsoft Visual Studio Solution File, Format Version 12.00
# Visual Studio Version 17
VisualStudioVersion = 17.7.34024.191
MinimumVisualStudioVersion = 10.0.40219.1
Project("{FAE04EC0-301F-11D3-BF4B-00C04F79EFBC}") = "Uppgift 4.5 inl", "Uppgift 4.5 inl\Uppgift 4.5 inl.csproj", "{3CFF9C7C-9571-4E50-A9B4-681F4F8F4404}"
EndProject
Global
	GlobalSection(SolutionConfigurationPlatforms) = preSolution
		Debug|Any CPU = Debug|Any CPU
		Release|Any CPU = Release|Any CPU
	EndGlobalSection
	GlobalSection(ProjectConfigurationPlatforms) = postSolution
		{3CFF9C7C-9571-4E50-A9B4-681F4F8F4404}.Debug|Any CPU.ActiveCfg = Debug|Any CPU
		{3CFF9C7C-9571-4E50-A9B4-681F4F8F4404}.Debug|Any CPU.Build.0 = Debug|Any CPU
		{3CFF9C7C-9571-4E50-A9B4-681F4F8F4404}.Release|Any CPU.ActiveCfg = Release|Any CPU
		{3CFF9C7C-9571-4E50-A9B4-681F4F8F4404}.Release|Any CPU.Build.0 = Release|Any CPU
	EndGlobalSection
	GlobalSection(SolutionProperties) = preSolution
		HideSolutionNode = FALSE
	EndGlobalSection
	GlobalSection(ExtensibilityGlobals) = postSolution
		SolutionGuid = {B4FB1BD8-0D9A-4149-AEDF-ECF8D5127BF8}
	EndGlobalSection
EndGlobal
